
Microsoft Visual Studio Solution File, Format Version 12.00
# Visual Studio 14
VisualStudioVersion = 14.0.24720.0
MinimumVisualStudioVersion = 10.0.40219.1
Project("{FAE04EC0-301F-11D3-BF4B-00C04F79EFBC}") = "cwiczenie1_fabryka", "cwiczenie1_fabryka\cwiczenie1_fabryka.csproj", "{51768233-6CAB-4634-80B7-AC04FE1FD9E8}"
EndProject
Project("{FAE04EC0-301F-11D3-BF4B-00C04F79EFBC}") = "IntegrationTests", "IntegrationTests\IntegrationTests.csproj", "{34A12824-A6ED-4C9C-B6C8-C1E0C793EBF1}"
	ProjectSection(ProjectDependencies) = postProject
		{51768233-6CAB-4634-80B7-AC04FE1FD9E8} = {51768233-6CAB-4634-80B7-AC04FE1FD9E8}
	EndProjectSection
EndProject
Global
	GlobalSection(SolutionConfigurationPlatforms) = preSolution
		Debug|Any CPU = Debug|Any CPU
		Release|Any CPU = Release|Any CPU
	EndGlobalSection
	GlobalSection(ProjectConfigurationPlatforms) = postSolution
		{51768233-6CAB-4634-80B7-AC04FE1FD9E8}.Debug|Any CPU.ActiveCfg = Debug|Any CPU
		{51768233-6CAB-4634-80B7-AC04FE1FD9E8}.Debug|Any CPU.Build.0 = Debug|Any CPU
		{51768233-6CAB-4634-80B7-AC04FE1FD9E8}.Release|Any CPU.ActiveCfg = Release|Any CPU
		{51768233-6CAB-4634-80B7-AC04FE1FD9E8}.Release|Any CPU.Build.0 = Release|Any CPU
		{34A12824-A6ED-4C9C-B6C8-C1E0C793EBF1}.Debug|Any CPU.ActiveCfg = Debug|Any CPU
		{34A12824-A6ED-4C9C-B6C8-C1E0C793EBF1}.Debug|Any CPU.Build.0 = Debug|Any CPU
		{34A12824-A6ED-4C9C-B6C8-C1E0C793EBF1}.Release|Any CPU.ActiveCfg = Release|Any CPU
		{34A12824-A6ED-4C9C-B6C8-C1E0C793EBF1}.Release|Any CPU.Build.0 = Release|Any CPU
	EndGlobalSection
	GlobalSection(SolutionProperties) = preSolution
		HideSolutionNode = FALSE
	EndGlobalSection
EndGlobal
